
Microsoft Visual Studio Solution File, Format Version 12.00
# Visual Studio Version 17
VisualStudioVersion = 17.7.34221.43
MinimumVisualStudioVersion = 10.0.40219.1
Project("{9A19103F-16F7-4668-BE54-9A1E7A4F7556}") = "GeometryLibrary.Logic", "GeometryLibrary\GeometryLibrary.Logic.csproj", "{266327BF-A608-4AFC-A1A1-4F6413A51D9C}"
EndProject
Project("{9A19103F-16F7-4668-BE54-9A1E7A4F7556}") = "GeometryLibrary.ConsoleAppClient", "GeometryLibrary.ConsoleAppClient\GeometryLibrary.ConsoleAppClient.csproj", "{0BA33953-E47E-4DF8-8270-6D663A087E42}"
EndProject
Project("{FAE04EC0-301F-11D3-BF4B-00C04F79EFBC}") = "GeometryLibrary.Tests", "GeometryLibrary.Tests\GeometryLibrary.Tests.csproj", "{31093AE7-2FFD-45BF-8076-E726746D1BE5}"
EndProject
Project("{FAE04EC0-301F-11D3-BF4B-00C04F79EFBC}") = "SqlTask", "SqlTask\SqlTask.csproj", "{1F924D5F-59D2-44AC-8C91-A535C4227F05}"
EndProject
Global
	GlobalSection(SolutionConfigurationPlatforms) = preSolution
		Debug|Any CPU = Debug|Any CPU
		Release|Any CPU = Release|Any CPU
	EndGlobalSection
	GlobalSection(ProjectConfigurationPlatforms) = postSolution
		{266327BF-A608-4AFC-A1A1-4F6413A51D9C}.Debug|Any CPU.ActiveCfg = Debug|Any CPU
		{266327BF-A608-4AFC-A1A1-4F6413A51D9C}.Debug|Any CPU.Build.0 = Debug|Any CPU
		{266327BF-A608-4AFC-A1A1-4F6413A51D9C}.Release|Any CPU.ActiveCfg = Release|Any CPU
		{266327BF-A608-4AFC-A1A1-4F6413A51D9C}.Release|Any CPU.Build.0 = Release|Any CPU
		{0BA33953-E47E-4DF8-8270-6D663A087E42}.Debug|Any CPU.ActiveCfg = Debug|Any CPU
		{0BA33953-E47E-4DF8-8270-6D663A087E42}.Debug|Any CPU.Build.0 = Debug|Any CPU
		{0BA33953-E47E-4DF8-8270-6D663A087E42}.Release|Any CPU.ActiveCfg = Release|Any CPU
		{0BA33953-E47E-4DF8-8270-6D663A087E42}.Release|Any CPU.Build.0 = Release|Any CPU
		{31093AE7-2FFD-45BF-8076-E726746D1BE5}.Debug|Any CPU.ActiveCfg = Debug|Any CPU
		{31093AE7-2FFD-45BF-8076-E726746D1BE5}.Debug|Any CPU.Build.0 = Debug|Any CPU
		{31093AE7-2FFD-45BF-8076-E726746D1BE5}.Release|Any CPU.ActiveCfg = Release|Any CPU
		{31093AE7-2FFD-45BF-8076-E726746D1BE5}.Release|Any CPU.Build.0 = Release|Any CPU
		{1F924D5F-59D2-44AC-8C91-A535C4227F05}.Debug|Any CPU.ActiveCfg = Debug|Any CPU
		{1F924D5F-59D2-44AC-8C91-A535C4227F05}.Debug|Any CPU.Build.0 = Debug|Any CPU
		{1F924D5F-59D2-44AC-8C91-A535C4227F05}.Release|Any CPU.ActiveCfg = Release|Any CPU
		{1F924D5F-59D2-44AC-8C91-A535C4227F05}.Release|Any CPU.Build.0 = Release|Any CPU
	EndGlobalSection
	GlobalSection(SolutionProperties) = preSolution
		HideSolutionNode = FALSE
	EndGlobalSection
	GlobalSection(ExtensibilityGlobals) = postSolution
		SolutionGuid = {F4F7C3FC-EEB6-4195-B685-A956621E0ECD}
	EndGlobalSection
EndGlobal
